
Microsoft Visual Studio Solution File, Format Version 12.00
# Visual Studio 15
VisualStudioVersion = 15.0.28010.2048
MinimumVisualStudioVersion = 10.0.40219.1
Project("{8BC9CEB8-8B4A-11D0-8D11-00A0C91BC942}") = "zad2_1", "zad2_1\zad2_1.vcxproj", "{2682BB64-1EF3-4441-9F7F-2EB346521659}"
EndProject
Global
	GlobalSection(SolutionConfigurationPlatforms) = preSolution
		Debug|x64 = Debug|x64
		Debug|x86 = Debug|x86
		Release|x64 = Release|x64
		Release|x86 = Release|x86
	EndGlobalSection
	GlobalSection(ProjectConfigurationPlatforms) = postSolution
		{2682BB64-1EF3-4441-9F7F-2EB346521659}.Debug|x64.ActiveCfg = Debug|x64
		{2682BB64-1EF3-4441-9F7F-2EB346521659}.Debug|x64.Build.0 = Debug|x64
		{2682BB64-1EF3-4441-9F7F-2EB346521659}.Debug|x86.ActiveCfg = Debug|Win32
		{2682BB64-1EF3-4441-9F7F-2EB346521659}.Debug|x86.Build.0 = Debug|Win32
		{2682BB64-1EF3-4441-9F7F-2EB346521659}.Release|x64.ActiveCfg = Release|x64
		{2682BB64-1EF3-4441-9F7F-2EB346521659}.Release|x64.Build.0 = Release|x64
		{2682BB64-1EF3-4441-9F7F-2EB346521659}.Release|x86.ActiveCfg = Release|Win32
		{2682BB64-1EF3-4441-9F7F-2EB346521659}.Release|x86.Build.0 = Release|Win32
	EndGlobalSection
	GlobalSection(SolutionProperties) = preSolution
		HideSolutionNode = FALSE
	EndGlobalSection
	GlobalSection(ExtensibilityGlobals) = postSolution
		SolutionGuid = {C35676FE-BBAE-4039-B681-1753F21D6E9F}
	EndGlobalSection
EndGlobal
